
Microsoft Visual Studio Solution File, Format Version 12.00
# Visual Studio 15
VisualStudioVersion = 15.0.27428.2011
MinimumVisualStudioVersion = 10.0.40219.1
Project("{FAE04EC0-301F-11D3-BF4B-00C04F79EFBC}") = "SecureDNSProbing", "SecureDNSProbing\SecureDNSProbing.csproj", "{929FDA65-52E1-4ECE-B3A1-4E72B1803381}"
EndProject
Global
	GlobalSection(SolutionConfigurationPlatforms) = preSolution
		Debug|Any CPU = Debug|Any CPU
		Release|Any CPU = Release|Any CPU
	EndGlobalSection
	GlobalSection(ProjectConfigurationPlatforms) = postSolution
		{929FDA65-52E1-4ECE-B3A1-4E72B1803381}.Debug|Any CPU.ActiveCfg = Debug|Any CPU
		{929FDA65-52E1-4ECE-B3A1-4E72B1803381}.Debug|Any CPU.Build.0 = Debug|Any CPU
		{929FDA65-52E1-4ECE-B3A1-4E72B1803381}.Release|Any CPU.ActiveCfg = Release|Any CPU
		{929FDA65-52E1-4ECE-B3A1-4E72B1803381}.Release|Any CPU.Build.0 = Release|Any CPU
	EndGlobalSection
	GlobalSection(SolutionProperties) = preSolution
		HideSolutionNode = FALSE
	EndGlobalSection
	GlobalSection(ExtensibilityGlobals) = postSolution
		SolutionGuid = {FE5418ED-9E0D-4BF7-A496-5B7711AE1EDF}
	EndGlobalSection
EndGlobal
